// !$*UTF8*$!
{
	archiveVersion = 1;
	classes = {
	};
	objectVersion = 56;
	objects = {

/* Begin PBXBuildFile section */
		8C5B16EB2A401127003452D0 /* LinearTimer Watch App.app in Embed Watch Content */ = {isa = PBXBuildFile; fileRef = 8C5B16EA2A401127003452D0 /* LinearTimer Watch App.app */; settings = {ATTRIBUTES = (RemoveHeadersOnCopy, ); }; };
		8C5B16F02A401127003452D0 /* LinearTimerApp.swift in Sources */ = {isa = PBXBuildFile; fileRef = 8C5B16EF2A401127003452D0 /* LinearTimerApp.swift */; };
		8C5B16F22A401127003452D0 /* ContentView.swift in Sources */ = {isa = PBXBuildFile; fileRef = 8C5B16F12A401127003452D0 /* ContentView.swift */; };
		8C5B16F42A401128003452D0 /* Assets.xcassets in Resources */ = {isa = PBXBuildFile; fileRef = 8C5B16F32A401128003452D0 /* Assets.xcassets */; };
		8C5B16F72A401128003452D0 /* Preview Assets.xcassets in Resources */ = {isa = PBXBuildFile; fileRef = 8C5B16F62A401128003452D0 /* Preview Assets.xcassets */; };
		8C5B17022A401B0A003452D0 /* SettingsView.swift in Sources */ = {isa = PBXBuildFile; fileRef = 8C5B17012A401B0A003452D0 /* SettingsView.swift */; };
		8C5B17042A402D31003452D0 /* RunView.swift in Sources */ = {isa = PBXBuildFile; fileRef = 8C5B17032A402D31003452D0 /* RunView.swift */; };
/* End PBXBuildFile section */

/* Begin PBXContainerItemProxy section */
		8C5B16EC2A401127003452D0 /* PBXContainerItemProxy */ = {
			isa = PBXContainerItemProxy;
			containerPortal = 8C5B16DE2A401126003452D0 /* Project object */;
			proxyType = 1;
			remoteGlobalIDString = 8C5B16E92A401127003452D0;
			remoteInfo = "LinearTimer Watch App";
		};
/* End PBXContainerItemProxy section */

/* Begin PBXCopyFilesBuildPhase section */
		8C5B16FD2A401128003452D0 /* Embed Watch Content */ = {
			isa = PBXCopyFilesBuildPhase;
			buildActionMask = 2147483647;
			dstPath = "$(CONTENTS_FOLDER_PATH)/Watch";
			dstSubfolderSpec = 16;
			files = (
				8C5B16EB2A401127003452D0 /* LinearTimer Watch App.app in Embed Watch Content */,
			);
			name = "Embed Watch Content";
			runOnlyForDeploymentPostprocessing = 0;
		};
/* End PBXCopyFilesBuildPhase section */

/* Begin PBXFileReference section */
		8C5B16E42A401127003452D0 /* LinearTimer.app */ = {isa = PBXFileReference; explicitFileType = wrapper.application; includeInIndex = 0; path = LinearTimer.app; sourceTree = BUILT_PRODUCTS_DIR; };
		8C5B16EA2A401127003452D0 /* LinearTimer Watch App.app */ = {isa = PBXFileReference; explicitFileType = wrapper.application; includeInIndex = 0; path = "LinearTimer Watch App.app"; sourceTree = BUILT_PRODUCTS_DIR; };
		8C5B16EF2A401127003452D0 /* LinearTimerApp.swift */ = {isa = PBXFileReference; lastKnownFileType = sourcecode.swift; path = LinearTimerApp.swift; sourceTree = "<group>"; };
		8C5B16F12A401127003452D0 /* ContentView.swift */ = {isa = PBXFileReference; lastKnownFileType = sourcecode.swift; path = ContentView.swift; sourceTree = "<group>"; };
		8C5B16F32A401128003452D0 /* Assets.xcassets */ = {isa = PBXFileReference; lastKnownFileType = folder.assetcatalog; path = Assets.xcassets; sourceTree = "<group>"; };
		8C5B16F62A401128003452D0 /* Preview Assets.xcassets */ = {isa = PBXFileReference; lastKnownFileType = folder.assetcatalog; path = "Preview Assets.xcassets"; sourceTree = "<group>"; };
		8C5B17012A401B0A003452D0 /* SettingsView.swift */ = {isa = PBXFileReference; indentWidth = 4; lastKnownFileType = sourcecode.swift; path = SettingsView.swift; sourceTree = "<group>"; tabWidth = 1; usesTabs = 0; };
		8C5B17032A402D31003452D0 /* RunView.swift */ = {isa = PBXFileReference; lastKnownFileType = sourcecode.swift; path = RunView.swift; sourceTree = "<group>"; };
		8CB727502A81F1E9008C21C5 /* LinearTimer-Watch-App-Info.plist */ = {isa = PBXFileReference; lastKnownFileType = text.plist; path = "LinearTimer-Watch-App-Info.plist"; sourceTree = SOURCE_ROOT; };
/* End PBXFileReference section */

/* Begin PBXFrameworksBuildPhase section */
		8C5B16E72A401127003452D0 /* Frameworks */ = {
			isa = PBXFrameworksBuildPhase;
			buildActionMask = 2147483647;
			files = (
			);
			runOnlyForDeploymentPostprocessing = 0;
		};
/* End PBXFrameworksBuildPhase section */

/* Begin PBXGroup section */
		8C5B16DD2A401126003452D0 = {
			isa = PBXGroup;
			children = (
				8C5B16EE2A401127003452D0 /* LinearTimer Watch App */,
				8C5B16E52A401127003452D0 /* Products */,
			);
			sourceTree = "<group>";
		};
		8C5B16E52A401127003452D0 /* Products */ = {
			isa = PBXGroup;
			children = (
				8C5B16E42A401127003452D0 /* LinearTimer.app */,
				8C5B16EA2A401127003452D0 /* LinearTimer Watch App.app */,
			);
			name = Products;
			sourceTree = "<group>";
		};
		8C5B16EE2A401127003452D0 /* LinearTimer Watch App */ = {
			isa = PBXGroup;
			children = (
				8CB727502A81F1E9008C21C5 /* LinearTimer-Watch-App-Info.plist */,
				8C5B16EF2A401127003452D0 /* LinearTimerApp.swift */,
				8C5B16F12A401127003452D0 /* ContentView.swift */,
				8C5B17012A401B0A003452D0 /* SettingsView.swift */,
				8C5B17032A402D31003452D0 /* RunView.swift */,
				8C5B16F32A401128003452D0 /* Assets.xcassets */,
				8C5B16F52A401128003452D0 /* Preview Content */,
			);
			path = "LinearTimer Watch App";
			sourceTree = "<group>";
		};
		8C5B16F52A401128003452D0 /* Preview Content */ = {
			isa = PBXGroup;
			children = (
				8C5B16F62A401128003452D0 /* Preview Assets.xcassets */,
			);
			path = "Preview Content";
			sourceTree = "<group>";
		};
/* End PBXGroup section */

/* Begin PBXNativeTarget section */
		8C5B16E32A401127003452D0 /* LinearTimer */ = {
			isa = PBXNativeTarget;
			buildConfigurationList = 8C5B16FE2A401128003452D0 /* Build configuration list for PBXNativeTarget "LinearTimer" */;
			buildPhases = (
				8C5B16E22A401127003452D0 /* Resources */,
				8C5B16FD2A401128003452D0 /* Embed Watch Content */,
			);
			buildRules = (
			);
			dependencies = (
				8C5B16ED2A401127003452D0 /* PBXTargetDependency */,
			);
			name = LinearTimer;
			productName = LinearTimer;
			productReference = 8C5B16E42A401127003452D0 /* LinearTimer.app */;
			productType = "com.apple.product-type.application.watchapp2-container";
		};
		8C5B16E92A401127003452D0 /* LinearTimer Watch App */ = {
			isa = PBXNativeTarget;
			buildConfigurationList = 8C5B16FA2A401128003452D0 /* Build configuration list for PBXNativeTarget "LinearTimer Watch App" */;
			buildPhases = (
				8C5B16E62A401127003452D0 /* Sources */,
				8C5B16E72A401127003452D0 /* Frameworks */,
				8C5B16E82A401127003452D0 /* Resources */,
			);
			buildRules = (
			);
			dependencies = (
			);
			name = "LinearTimer Watch App";
			productName = "LinearTimer Watch App";
			productReference = 8C5B16EA2A401127003452D0 /* LinearTimer Watch App.app */;
			productType = "com.apple.product-type.application";
		};
/* End PBXNativeTarget section */

/* Begin PBXProject section */
		8C5B16DE2A401126003452D0 /* Project object */ = {
			isa = PBXProject;
			attributes = {
				BuildIndependentTargetsInParallel = 1;
				LastSwiftUpdateCheck = 1430;
				LastUpgradeCheck = 1430;
				TargetAttributes = {
					8C5B16E32A401127003452D0 = {
						CreatedOnToolsVersion = 14.3;
					};
					8C5B16E92A401127003452D0 = {
						CreatedOnToolsVersion = 14.3;
					};
				};
			};
			buildConfigurationList = 8C5B16E12A401126003452D0 /* Build configuration list for PBXProject "LinearTimer" */;
			compatibilityVersion = "Xcode 14.0";
			developmentRegion = en;
			hasScannedForEncodings = 0;
			knownRegions = (
				en,
				Base,
			);
			mainGroup = 8C5B16DD2A401126003452D0;
			productRefGroup = 8C5B16E52A401127003452D0 /* Products */;
			projectDirPath = "";
			projectRoot = "";
			targets = (
				8C5B16E32A401127003452D0 /* LinearTimer */,
				8C5B16E92A401127003452D0 /* LinearTimer Watch App */,
			);
		};
/* End PBXProject section */

/* Begin PBXResourcesBuildPhase section */
		8C5B16E22A401127003452D0 /* Resources */ = {
			isa = PBXResourcesBuildPhase;
			buildActionMask = 2147483647;
			files = (
			);
			runOnlyForDeploymentPostprocessing = 0;
		};
		8C5B16E82A401127003452D0 /* Resources */ = {
			isa = PBXResourcesBuildPhase;
			buildActionMask = 2147483647;
			files = (
				8C5B16F72A401128003452D0 /* Preview Assets.xcassets in Resources */,
				8C5B16F42A401128003452D0 /* Assets.xcassets in Resources */,
			);
			runOnlyForDeploymentPostprocessing = 0;
		};
/* End PBXResourcesBuildPhase section */

/* Begin PBXSourcesBuildPhase section */
		8C5B16E62A401127003452D0 /* Sources */ = {
			isa = PBXSourcesBuildPhase;
			buildActionMask = 2147483647;
			files = (
				8C5B17042A402D31003452D0 /* RunView.swift in Sources */,
				8C5B17022A401B0A003452D0 /* SettingsView.swift in Sources */,
				8C5B16F22A401127003452D0 /* ContentView.swift in Sources */,
				8C5B16F02A401127003452D0 /* LinearTimerApp.swift in Sources */,
			);
			runOnlyForDeploymentPostprocessing = 0;
		};
/* End PBXSourcesBuildPhase section */

/* Begin PBXTargetDependency section */
		8C5B16ED2A401127003452D0 /* PBXTargetDependency */ = {
			isa = PBXTargetDependency;
			target = 8C5B16E92A401127003452D0 /* LinearTimer Watch App */;
			targetProxy = 8C5B16EC2A401127003452D0 /* PBXContainerItemProxy */;
		};
/* End PBXTargetDependency section */

/* Begin XCBuildConfiguration section */
		8C5B16F82A401128003452D0 /* Debug */ = {
			isa = XCBuildConfiguration;
			buildSettings = {
				ALWAYS_SEARCH_USER_PATHS = NO;
				CLANG_ANALYZER_NONNULL = YES;
				CLANG_ANALYZER_NUMBER_OBJECT_CONVERSION = YES_AGGRESSIVE;
				CLANG_CXX_LANGUAGE_STANDARD = "gnu++20";
				CLANG_ENABLE_MODULES = YES;
				CLANG_ENABLE_OBJC_ARC = YES;
				CLANG_ENABLE_OBJC_WEAK = YES;
				CLANG_WARN_BLOCK_CAPTURE_AUTORELEASING = YES;
				CLANG_WARN_BOOL_CONVERSION = YES;
				CLANG_WARN_COMMA = YES;
				CLANG_WARN_CONSTANT_CONVERSION = YES;
				CLANG_WARN_DEPRECATED_OBJC_IMPLEMENTATIONS = YES;
				CLANG_WARN_DIRECT_OBJC_ISA_USAGE = YES_ERROR;
				CLANG_WARN_DOCUMENTATION_COMMENTS = YES;
				CLANG_WARN_EMPTY_BODY = YES;
				CLANG_WARN_ENUM_CONVERSION = YES;
				CLANG_WARN_INFINITE_RECURSION = YES;
				CLANG_WARN_INT_CONVERSION = YES;
				CLANG_WARN_NON_LITERAL_NULL_CONVERSION = YES;
				CLANG_WARN_OBJC_IMPLICIT_RETAIN_SELF = YES;
				CLANG_WARN_OBJC_LITERAL_CONVERSION = YES;
				CLANG_WARN_OBJC_ROOT_CLASS = YES_ERROR;
				CLANG_WARN_QUOTED_INCLUDE_IN_FRAMEWORK_HEADER = YES;
				CLANG_WARN_RANGE_LOOP_ANALYSIS = YES;
				CLANG_WARN_STRICT_PROTOTYPES = YES;
				CLANG_WARN_SUSPICIOUS_MOVE = YES;
				CLANG_WARN_UNGUARDED_AVAILABILITY = YES_AGGRESSIVE;
				CLANG_WARN_UNREACHABLE_CODE = YES;
				CLANG_WARN__DUPLICATE_METHOD_MATCH = YES;
				COPY_PHASE_STRIP = NO;
				DEBUG_INFORMATION_FORMAT = dwarf;
				ENABLE_STRICT_OBJC_MSGSEND = YES;
				ENABLE_TESTABILITY = YES;
				GCC_C_LANGUAGE_STANDARD = gnu11;
				GCC_DYNAMIC_NO_PIC = NO;
				GCC_NO_COMMON_BLOCKS = YES;
				GCC_OPTIMIZATION_LEVEL = 0;
				GCC_PREPROCESSOR_DEFINITIONS = (
					"DEBUG=1",
					"$(inherited)",
				);
				GCC_WARN_64_TO_32_BIT_CONVERSION = YES;
				GCC_WARN_ABOUT_RETURN_TYPE = YES_ERROR;
				GCC_WARN_UNDECLARED_SELECTOR = YES;
				GCC_WARN_UNINITIALIZED_AUTOS = YES_AGGRESSIVE;
				GCC_WARN_UNUSED_FUNCTION = YES;
				GCC_WARN_UNUSED_VARIABLE = YES;
				MTL_ENABLE_DEBUG_INFO = INCLUDE_SOURCE;
				MTL_FAST_MATH = YES;
				ONLY_ACTIVE_ARCH = YES;
				SWIFT_ACTIVE_COMPILATION_CONDITIONS = DEBUG;
				SWIFT_OPTIMIZATION_LEVEL = "-Onone";
			};
			name = Debug;
		};
		8C5B16F92A401128003452D0 /* Release */ = {
			isa = XCBuildConfiguration;
			buildSettings = {
				ALWAYS_SEARCH_USER_PATHS = NO;
				CLANG_ANALYZER_NONNULL = YES;
				CLANG_ANALYZER_NUMBER_OBJECT_CONVERSION = YES_AGGRESSIVE;
				CLANG_CXX_LANGUAGE_STANDARD = "gnu++20";
				CLANG_ENABLE_MODULES = YES;
				CLANG_ENABLE_OBJC_ARC = YES;
				CLANG_ENABLE_OBJC_WEAK = YES;
				CLANG_WARN_BLOCK_CAPTURE_AUTORELEASING = YES;
				CLANG_WARN_BOOL_CONVERSION = YES;
				CLANG_WARN_COMMA = YES;
				CLANG_WARN_CONSTANT_CONVERSION = YES;
				CLANG_WARN_DEPRECATED_OBJC_IMPLEMENTATIONS = YES;
				CLANG_WARN_DIRECT_OBJC_ISA_USAGE = YES_ERROR;
				CLANG_WARN_DOCUMENTATION_COMMENTS = YES;
				CLANG_WARN_EMPTY_BODY = YES;
				CLANG_WARN_ENUM_CONVERSION = YES;
				CLANG_WARN_INFINITE_RECURSION = YES;
				CLANG_WARN_INT_CONVERSION = YES;
				CLANG_WARN_NON_LITERAL_NULL_CONVERSION = YES;
				CLANG_WARN_OBJC_IMPLICIT_RETAIN_SELF = YES;
				CLANG_WARN_OBJC_LITERAL_CONVERSION = YES;
				CLANG_WARN_OBJC_ROOT_CLASS = YES_ERROR;
				CLANG_WARN_QUOTED_INCLUDE_IN_FRAMEWORK_HEADER = YES;
				CLANG_WARN_RANGE_LOOP_ANALYSIS = YES;
				CLANG_WARN_STRICT_PROTOTYPES = YES;
				CLANG_WARN_SUSPICIOUS_MOVE = YES;
				CLANG_WARN_UNGUARDED_AVAILABILITY = YES_AGGRESSIVE;
				CLANG_WARN_UNREACHABLE_CODE = YES;
				CLANG_WARN__DUPLICATE_METHOD_MATCH = YES;
				COPY_PHASE_STRIP = NO;
				DEBUG_INFORMATION_FORMAT = "dwarf-with-dsym";
				ENABLE_NS_ASSERTIONS = NO;
				ENABLE_STRICT_OBJC_MSGSEND = YES;
				GCC_C_LANGUAGE_STANDARD = gnu11;
				GCC_NO_COMMON_BLOCKS = YES;
				GCC_WARN_64_TO_32_BIT_CONVERSION = YES;
				GCC_WARN_ABOUT_RETURN_TYPE = YES_ERROR;
				GCC_WARN_UNDECLARED_SELECTOR = YES;
				GCC_WARN_UNINITIALIZED_AUTOS = YES_AGGRESSIVE;
				GCC_WARN_UNUSED_FUNCTION = YES;
				GCC_WARN_UNUSED_VARIABLE = YES;
				MTL_ENABLE_DEBUG_INFO = NO;
				MTL_FAST_MATH = YES;
				SWIFT_COMPILATION_MODE = wholemodule;
				SWIFT_OPTIMIZATION_LEVEL = "-O";
			};
			name = Release;
		};
		8C5B16FB2A401128003452D0 /* Debug */ = {
			isa = XCBuildConfiguration;
			buildSettings = {
				ASSETCATALOG_COMPILER_APPICON_NAME = AppIcon;
				ASSETCATALOG_COMPILER_GLOBAL_ACCENT_COLOR_NAME = AccentColor;
				CODE_SIGN_STYLE = Automatic;
				CURRENT_PROJECT_VERSION = 1;
				DEVELOPMENT_ASSET_PATHS = "\"LinearTimer Watch App/Preview Content\"";
				DEVELOPMENT_TEAM = 5Z5MRXHAZE;
				ENABLE_PREVIEWS = YES;
				GENERATE_INFOPLIST_FILE = YES;
				INFOPLIST_FILE = "LinearTimer-Watch-App-Info.plist";
				INFOPLIST_KEY_CFBundleDisplayName = LinearTimer;
				INFOPLIST_KEY_UISupportedInterfaceOrientations = "UIInterfaceOrientationPortrait UIInterfaceOrientationPortraitUpsideDown";
				INFOPLIST_KEY_WKWatchOnly = YES;
				LD_RUNPATH_SEARCH_PATHS = (
					"$(inherited)",
					"@executable_path/Frameworks",
				);
				MARKETING_VERSION = 1.0;
				PRODUCT_BUNDLE_IDENTIFIER = thefluentone.LinearTimer.watchkitapp;
				PRODUCT_NAME = "$(TARGET_NAME)";
				SDKROOT = watchos;
				SKIP_INSTALL = YES;
				SWIFT_EMIT_LOC_STRINGS = YES;
				SWIFT_VERSION = 5.0;
				TARGETED_DEVICE_FAMILY = 4;
				WATCHOS_DEPLOYMENT_TARGET = 9.4;
			};
			name = Debug;
		};
		8C5B16FC2A401128003452D0 /* Release */ = {
			isa = XCBuildConfiguration;
			buildSettings = {
				ASSETCATALOG_COMPILER_APPICON_NAME = AppIcon;
				ASSETCATALOG_COMPILER_GLOBAL_ACCENT_COLOR_NAME = AccentColor;
				CODE_SIGN_STYLE = Automatic;
				CURRENT_PROJECT_VERSION = 1;
				DEVELOPMENT_ASSET_PATHS = "\"LinearTimer Watch App/Preview Content\"";
				DEVELOPMENT_TEAM = 5Z5MRXHAZE;
				ENABLE_PREVIEWS = YES;
				GENERATE_INFOPLIST_FILE = YES;
				INFOPLIST_FILE = "LinearTimer-Watch-App-Info.plist";
				INFOPLIST_KEY_CFBundleDisplayName = LinearTimer;
				INFOPLIST_KEY_UISupportedInterfaceOrientations = "UIInterfaceOrientationPortrait UIInterfaceOrientationPortraitUpsideDown";
				INFOPLIST_KEY_WKWatchOnly = YES;
				LD_RUNPATH_SEARCH_PATHS = (
					"$(inherited)",
					"@executable_path/Frameworks",
				);
				MARKETING_VERSION = 1.0;
				PRODUCT_BUNDLE_IDENTIFIER = thefluentone.LinearTimer.watchkitapp;
				PRODUCT_NAME = "$(TARGET_NAME)";
				SDKROOT = watchos;
				SKIP_INSTALL = YES;
				SWIFT_EMIT_LOC_STRINGS = YES;
				SWIFT_VERSION = 5.0;
				TARGETED_DEVICE_FAMILY = 4;
				VALIDATE_PRODUCT = YES;
				WATCHOS_DEPLOYMENT_TARGET = 9.4;
			};
			name = Release;
		};
		8C5B16FF2A401128003452D0 /* Debug */ = {
			isa = XCBuildConfiguration;
			buildSettings = {
				ALWAYS_EMBED_SWIFT_STANDARD_LIBRARIES = YES;
				CODE_SIGN_STYLE = Automatic;
				CURRENT_PROJECT_VERSION = 1;
				INFOPLIST_KEY_CFBundleDisplayName = LinearTimer;
				MARKETING_VERSION = 1.0;
				PRODUCT_BUNDLE_IDENTIFIER = thefluentone.LinearTimer;
				PRODUCT_NAME = "$(TARGET_NAME)";
				SDKROOT = iphoneos;
				SWIFT_VERSION = 5.0;
			};
			name = Debug;
		};
		8C5B17002A401128003452D0 /* Release */ = {
			isa = XCBuildConfiguration;
			buildSettings = {
				ALWAYS_EMBED_SWIFT_STANDARD_LIBRARIES = YES;
				CODE_SIGN_STYLE = Automatic;
				CURRENT_PROJECT_VERSION = 1;
				DEVELOPMENT_TEAM = 5Z5MRXHAZE;
				INFOPLIST_KEY_CFBundleDisplayName = LinearTimer;
				MARKETING_VERSION = 1.0;
				PRODUCT_BUNDLE_IDENTIFIER = thefluentone.LinearTimer;
				PRODUCT_NAME = "$(TARGET_NAME)";
				SDKROOT = iphoneos;
				SWIFT_VERSION = 5.0;
				VALIDATE_PRODUCT = YES;
			};
			name = Release;
		};
/* End XCBuildConfiguration section */

/* Begin XCConfigurationList section */
		8C5B16E12A401126003452D0 /* Build configuration list for PBXProject "LinearTimer" */ = {
			isa = XCConfigurationList;
			buildConfigurations = (
				8C5B16F82A401128003452D0 /* Debug */,
				8C5B16F92A401128003452D0 /* Release */,
			);
			defaultConfigurationIsVisible = 0;
			defaultConfigurationName = Release;
		};
		8C5B16FA2A401128003452D0 /* Build configuration list for PBXNativeTarget "LinearTimer Watch App" */ = {
			isa = XCConfigurationList;
			buildConfigurations = (
				8C5B16FB2A401128003452D0 /* Debug */,
				8C5B16FC2A401128003452D0 /* Release */,
			);
			defaultConfigurationIsVisible = 0;
			defaultConfigurationName = Release;
		};
		8C5B16FE2A401128003452D0 /* Build configuration list for PBXNativeTarget "LinearTimer" */ = {
			isa = XCConfigurationList;
			buildConfigurations = (
				8C5B16FF2A401128003452D0 /* Debug */,
				8C5B17002A401128003452D0 /* Release */,
			);
			defaultConfigurationIsVisible = 0;
			defaultConfigurationName = Release;
		};
/* End XCConfigurationList section */
	};
	rootObject = 8C5B16DE2A401126003452D0 /* Project object */;
}
